
Microsoft Visual Studio Solution File, Format Version 12.00
# Visual Studio Version 17
VisualStudioVersion = 17.11.35327.3
MinimumVisualStudioVersion = 10.0.40219.1
Project("{FAE04EC0-301F-11D3-BF4B-00C04F79EFBC}") = "Assignment-1_2", "Assignment-1_2.csproj", "{666E4183-44DA-4278-AB09-2A9D44B295AE}"
EndProject
Global
	GlobalSection(SolutionConfigurationPlatforms) = preSolution
		Debug|Any CPU = Debug|Any CPU
		Release|Any CPU = Release|Any CPU
	EndGlobalSection
	GlobalSection(ProjectConfigurationPlatforms) = postSolution
		{666E4183-44DA-4278-AB09-2A9D44B295AE}.Debug|Any CPU.ActiveCfg = Debug|Any CPU
		{666E4183-44DA-4278-AB09-2A9D44B295AE}.Debug|Any CPU.Build.0 = Debug|Any CPU
		{666E4183-44DA-4278-AB09-2A9D44B295AE}.Release|Any CPU.ActiveCfg = Release|Any CPU
		{666E4183-44DA-4278-AB09-2A9D44B295AE}.Release|Any CPU.Build.0 = Release|Any CPU
	EndGlobalSection
	GlobalSection(SolutionProperties) = preSolution
		HideSolutionNode = FALSE
	EndGlobalSection
	GlobalSection(ExtensibilityGlobals) = postSolution
		SolutionGuid = {C23F522A-A861-4094-BAC5-73A39F9EF715}
	EndGlobalSection
EndGlobal
